
Microsoft Visual Studio Solution File, Format Version 12.00
# Visual Studio Version 17
VisualStudioVersion = 17.9.34607.119
MinimumVisualStudioVersion = 10.0.40219.1
Project("{FAE04EC0-301F-11D3-BF4B-00C04F79EFBC}") = "NewPJT_0529", "NewPJT_0529\NewPJT_0529.csproj", "{B839BB73-927F-4154-90A6-D66EA3756040}"
EndProject
Global
	GlobalSection(SolutionConfigurationPlatforms) = preSolution
		Debug|Any CPU = Debug|Any CPU
		Debug|x64 = Debug|x64
		Release|Any CPU = Release|Any CPU
		Release|x64 = Release|x64
	EndGlobalSection
	GlobalSection(ProjectConfigurationPlatforms) = postSolution
		{B839BB73-927F-4154-90A6-D66EA3756040}.Debug|Any CPU.ActiveCfg = Debug|Any CPU
		{B839BB73-927F-4154-90A6-D66EA3756040}.Debug|Any CPU.Build.0 = Debug|Any CPU
		{B839BB73-927F-4154-90A6-D66EA3756040}.Debug|x64.ActiveCfg = Debug|x64
		{B839BB73-927F-4154-90A6-D66EA3756040}.Debug|x64.Build.0 = Debug|x64
		{B839BB73-927F-4154-90A6-D66EA3756040}.Release|Any CPU.ActiveCfg = Release|Any CPU
		{B839BB73-927F-4154-90A6-D66EA3756040}.Release|Any CPU.Build.0 = Release|Any CPU
		{B839BB73-927F-4154-90A6-D66EA3756040}.Release|x64.ActiveCfg = Release|x64
		{B839BB73-927F-4154-90A6-D66EA3756040}.Release|x64.Build.0 = Release|x64
	EndGlobalSection
	GlobalSection(SolutionProperties) = preSolution
		HideSolutionNode = FALSE
	EndGlobalSection
	GlobalSection(ExtensibilityGlobals) = postSolution
		SolutionGuid = {1BBE02A4-72FD-4CB8-9EA7-E8B93DF7F2FA}
	EndGlobalSection
EndGlobal
